// !$*UTF8*$!
{
	archiveVersion = 1;
	classes = {
	};
	objectVersion = 77;
	objects = {

/* Begin PBXBuildFile section */
		698D0CE02DA6920B0022DB81 /* AppDelegate.swift in Sources */ = {isa = PBXBuildFile; fileRef = 698D0CD62DA6920B0022DB81 /* AppDelegate.swift */; };
		698D0CE12DA6920B0022DB81 /* SceneDelegate.swift in Sources */ = {isa = PBXBuildFile; fileRef = 698D0CDD2DA6920B0022DB81 /* SceneDelegate.swift */; };
		698D0CE22DA6920B0022DB81 /* ViewController.swift in Sources */ = {isa = PBXBuildFile; fileRef = 698D0CDE2DA6920B0022DB81 /* ViewController.swift */; };
		698D0CE32DA6920B0022DB81 /* Assets.xcassets in Resources */ = {isa = PBXBuildFile; fileRef = 698D0CD72DA6920B0022DB81 /* Assets.xcassets */; };
		698D0CE52DA6920B0022DB81 /* LaunchScreen.storyboard in Resources */ = {isa = PBXBuildFile; fileRef = 698D0CDA2DA6920B0022DB81 /* LaunchScreen.storyboard */; };
		698D0CE62DA6920B0022DB81 /* Main.storyboard in Resources */ = {isa = PBXBuildFile; fileRef = 698D0CDC2DA6920B0022DB81 /* Main.storyboard */; };
		698D0D022DA69F540022DB81 /* MockService.swift in Sources */ = {isa = PBXBuildFile; fileRef = 698D0D012DA69F540022DB81 /* MockService.swift */; };
		698D0D062DA69FAF0022DB81 /* MockModel.swift in Sources */ = {isa = PBXBuildFile; fileRef = 698D0D052DA69FAF0022DB81 /* MockModel.swift */; };
		698D0D082DA6A95E0022DB81 /* MockJson.json in Resources */ = {isa = PBXBuildFile; fileRef = 698D0D072DA6A95E0022DB81 /* MockJson.json */; };
		788E5EA62DAFCFCB00840EBA /* CarouselCell.swift in Sources */ = {isa = PBXBuildFile; fileRef = 788E5EA52DAFCFCB00840EBA /* CarouselCell.swift */; };
		788E5EA82DAFD02C00840EBA /* ItemCell.swift in Sources */ = {isa = PBXBuildFile; fileRef = 788E5EA72DAFD02C00840EBA /* ItemCell.swift */; };
		788E5EAA2DAFD04900840EBA /* StatsViewController.swift in Sources */ = {isa = PBXBuildFile; fileRef = 788E5EA92DAFD04900840EBA /* StatsViewController.swift */; };
		788E5EAC2DAFD09C00840EBA /* ContentViewModel.swift in Sources */ = {isa = PBXBuildFile; fileRef = 788E5EAB2DAFD09C00840EBA /* ContentViewModel.swift */; };
/* End PBXBuildFile section */

/* Begin PBXFileReference section */
		698D0CBE2DA691FE0022DB81 /* iOS_Exam.app */ = {isa = PBXFileReference; explicitFileType = wrapper.application; includeInIndex = 0; path = iOS_Exam.app; sourceTree = BUILT_PRODUCTS_DIR; };
		698D0CD62DA6920B0022DB81 /* AppDelegate.swift */ = {isa = PBXFileReference; lastKnownFileType = sourcecode.swift; path = AppDelegate.swift; sourceTree = "<group>"; };
		698D0CD72DA6920B0022DB81 /* Assets.xcassets */ = {isa = PBXFileReference; lastKnownFileType = folder.assetcatalog; path = Assets.xcassets; sourceTree = "<group>"; };
		698D0CD82DA6920B0022DB81 /* Info.plist */ = {isa = PBXFileReference; lastKnownFileType = text.plist.xml; path = Info.plist; sourceTree = "<group>"; };
		698D0CD92DA6920B0022DB81 /* Base */ = {isa = PBXFileReference; lastKnownFileType = file.storyboard; name = Base; path = Base.lproj/LaunchScreen.storyboard; sourceTree = "<group>"; };
		698D0CDB2DA6920B0022DB81 /* Base */ = {isa = PBXFileReference; lastKnownFileType = file.storyboard; name = Base; path = Base.lproj/Main.storyboard; sourceTree = "<group>"; };
		698D0CDD2DA6920B0022DB81 /* SceneDelegate.swift */ = {isa = PBXFileReference; lastKnownFileType = sourcecode.swift; path = SceneDelegate.swift; sourceTree = "<group>"; };
		698D0CDE2DA6920B0022DB81 /* ViewController.swift */ = {isa = PBXFileReference; lastKnownFileType = sourcecode.swift; path = ViewController.swift; sourceTree = "<group>"; };
		698D0D012DA69F540022DB81 /* MockService.swift */ = {isa = PBXFileReference; lastKnownFileType = sourcecode.swift; path = MockService.swift; sourceTree = "<group>"; };
		698D0D052DA69FAF0022DB81 /* MockModel.swift */ = {isa = PBXFileReference; lastKnownFileType = sourcecode.swift; path = MockModel.swift; sourceTree = "<group>"; };
		698D0D072DA6A95E0022DB81 /* MockJson.json */ = {isa = PBXFileReference; lastKnownFileType = text.json; path = MockJson.json; sourceTree = "<group>"; };
		788E5EA52DAFCFCB00840EBA /* CarouselCell.swift */ = {isa = PBXFileReference; lastKnownFileType = sourcecode.swift; path = CarouselCell.swift; sourceTree = "<group>"; };
		788E5EA72DAFD02C00840EBA /* ItemCell.swift */ = {isa = PBXFileReference; lastKnownFileType = sourcecode.swift; path = ItemCell.swift; sourceTree = "<group>"; };
		788E5EA92DAFD04900840EBA /* StatsViewController.swift */ = {isa = PBXFileReference; lastKnownFileType = sourcecode.swift; path = StatsViewController.swift; sourceTree = "<group>"; };
		788E5EAB2DAFD09C00840EBA /* ContentViewModel.swift */ = {isa = PBXFileReference; lastKnownFileType = sourcecode.swift; path = ContentViewModel.swift; sourceTree = "<group>"; };
/* End PBXFileReference section */

/* Begin PBXFrameworksBuildPhase section */
		698D0CBB2DA691FE0022DB81 /* Frameworks */ = {
			isa = PBXFrameworksBuildPhase;
			buildActionMask = 2147483647;
			files = (
			);
			runOnlyForDeploymentPostprocessing = 0;
		};
/* End PBXFrameworksBuildPhase section */

/* Begin PBXGroup section */
		698D0CB52DA691FE0022DB81 = {
			isa = PBXGroup;
			children = (
				698D0CDF2DA6920B0022DB81 /* iOS_Exam */,
				698D0CBF2DA691FE0022DB81 /* Products */,
			);
			sourceTree = "<group>";
		};
		698D0CBF2DA691FE0022DB81 /* Products */ = {
			isa = PBXGroup;
			children = (
				698D0CBE2DA691FE0022DB81 /* iOS_Exam.app */,
			);
			name = Products;
			sourceTree = "<group>";
		};
		698D0CDF2DA6920B0022DB81 /* iOS_Exam */ = {
			isa = PBXGroup;
			children = (
				788E5EA42DAFCFC600840EBA /* Views */,
				698D0D042DA69F950022DB81 /* Model */,
				698D0D032DA69F870022DB81 /* Service */,
				698D0CE72DA694040022DB81 /* Delegates */,
				698D0CE82DA6940B0022DB81 /* Controller */,
				698D0CE92DA694150022DB81 /* Storyboards */,
				698D0CEA2DA6941C0022DB81 /* Resources */,
				698D0CFE2DA69F310022DB81 /* Utils */,
			);
			path = iOS_Exam;
			sourceTree = "<group>";
		};
		698D0CE72DA694040022DB81 /* Delegates */ = {
			isa = PBXGroup;
			children = (
				698D0CD62DA6920B0022DB81 /* AppDelegate.swift */,
				698D0CDD2DA6920B0022DB81 /* SceneDelegate.swift */,
			);
			path = Delegates;
			sourceTree = "<group>";
		};
		698D0CE82DA6940B0022DB81 /* Controller */ = {
			isa = PBXGroup;
			children = (
				788E5EA92DAFD04900840EBA /* StatsViewController.swift */,
				698D0CDE2DA6920B0022DB81 /* ViewController.swift */,
			);
			path = Controller;
			sourceTree = "<group>";
		};
		698D0CE92DA694150022DB81 /* Storyboards */ = {
			isa = PBXGroup;
			children = (
				698D0CDA2DA6920B0022DB81 /* LaunchScreen.storyboard */,
				698D0CDC2DA6920B0022DB81 /* Main.storyboard */,
			);
			path = Storyboards;
			sourceTree = "<group>";
		};
		698D0CEA2DA6941C0022DB81 /* Resources */ = {
			isa = PBXGroup;
			children = (
				698D0CD72DA6920B0022DB81 /* Assets.xcassets */,
			);
			path = Resources;
			sourceTree = "<group>";
		};
		698D0CFE2DA69F310022DB81 /* Utils */ = {
			isa = PBXGroup;
			children = (
				698D0D072DA6A95E0022DB81 /* MockJson.json */,
				698D0CD82DA6920B0022DB81 /* Info.plist */,
			);
			path = Utils;
			sourceTree = "<group>";
		};
		698D0D032DA69F870022DB81 /* Service */ = {
			isa = PBXGroup;
			children = (
				698D0D012DA69F540022DB81 /* MockService.swift */,
			);
			path = Service;
			sourceTree = "<group>";
		};
		698D0D042DA69F950022DB81 /* Model */ = {
			isa = PBXGroup;
			children = (
				788E5EAB2DAFD09C00840EBA /* ContentViewModel.swift */,
				698D0D052DA69FAF0022DB81 /* MockModel.swift */,
			);
			path = Model;
			sourceTree = "<group>";
		};
		788E5EA42DAFCFC600840EBA /* Views */ = {
			isa = PBXGroup;
			children = (
				788E5EA72DAFD02C00840EBA /* ItemCell.swift */,
				788E5EA52DAFCFCB00840EBA /* CarouselCell.swift */,
			);
			path = Views;
			sourceTree = "<group>";
		};
/* End PBXGroup section */

/* Begin PBXNativeTarget section */
		698D0CBD2DA691FE0022DB81 /* iOS_Exam */ = {
			isa = PBXNativeTarget;
			buildConfigurationList = 698D0CD12DA692000022DB81 /* Build configuration list for PBXNativeTarget "iOS_Exam" */;
			buildPhases = (
				698D0CBA2DA691FE0022DB81 /* Sources */,
				698D0CBB2DA691FE0022DB81 /* Frameworks */,
				698D0CBC2DA691FE0022DB81 /* Resources */,
			);
			buildRules = (
			);
			dependencies = (
			);
			name = iOS_Exam;
			packageProductDependencies = (
			);
			productName = iOS_Exam;
			productReference = 698D0CBE2DA691FE0022DB81 /* iOS_Exam.app */;
			productType = "com.apple.product-type.application";
		};
/* End PBXNativeTarget section */

/* Begin PBXProject section */
		698D0CB62DA691FE0022DB81 /* Project object */ = {
			isa = PBXProject;
			attributes = {
				BuildIndependentTargetsInParallel = 1;
				LastSwiftUpdateCheck = 1610;
				LastUpgradeCheck = 1610;
				TargetAttributes = {
					698D0CBD2DA691FE0022DB81 = {
						CreatedOnToolsVersion = 16.1;
					};
				};
			};
			buildConfigurationList = 698D0CB92DA691FE0022DB81 /* Build configuration list for PBXProject "iOS_Exam" */;
			developmentRegion = en;
			hasScannedForEncodings = 0;
			knownRegions = (
				en,
				Base,
			);
			mainGroup = 698D0CB52DA691FE0022DB81;
			minimizedProjectReferenceProxies = 1;
			preferredProjectObjectVersion = 77;
			productRefGroup = 698D0CBF2DA691FE0022DB81 /* Products */;
			projectDirPath = "";
			projectRoot = "";
			targets = (
				698D0CBD2DA691FE0022DB81 /* iOS_Exam */,
			);
		};
/* End PBXProject section */

/* Begin PBXResourcesBuildPhase section */
		698D0CBC2DA691FE0022DB81 /* Resources */ = {
			isa = PBXResourcesBuildPhase;
			buildActionMask = 2147483647;
			files = (
				698D0CE32DA6920B0022DB81 /* Assets.xcassets in Resources */,
				698D0CE52DA6920B0022DB81 /* LaunchScreen.storyboard in Resources */,
				698D0CE62DA6920B0022DB81 /* Main.storyboard in Resources */,
				698D0D082DA6A95E0022DB81 /* MockJson.json in Resources */,
			);
			runOnlyForDeploymentPostprocessing = 0;
		};
/* End PBXResourcesBuildPhase section */

/* Begin PBXSourcesBuildPhase section */
		698D0CBA2DA691FE0022DB81 /* Sources */ = {
			isa = PBXSourcesBuildPhase;
			buildActionMask = 2147483647;
			files = (
				698D0D062DA69FAF0022DB81 /* MockModel.swift in Sources */,
				788E5EAA2DAFD04900840EBA /* StatsViewController.swift in Sources */,
				698D0CE02DA6920B0022DB81 /* AppDelegate.swift in Sources */,
				698D0D022DA69F540022DB81 /* MockService.swift in Sources */,
				698D0CE12DA6920B0022DB81 /* SceneDelegate.swift in Sources */,
				788E5EA62DAFCFCB00840EBA /* CarouselCell.swift in Sources */,
				788E5EAC2DAFD09C00840EBA /* ContentViewModel.swift in Sources */,
				698D0CE22DA6920B0022DB81 /* ViewController.swift in Sources */,
				788E5EA82DAFD02C00840EBA /* ItemCell.swift in Sources */,
			);
			runOnlyForDeploymentPostprocessing = 0;
		};
/* End PBXSourcesBuildPhase section */

/* Begin PBXVariantGroup section */
		698D0CDA2DA6920B0022DB81 /* LaunchScreen.storyboard */ = {
			isa = PBXVariantGroup;
			children = (
				698D0CD92DA6920B0022DB81 /* Base */,
			);
			name = LaunchScreen.storyboard;
			sourceTree = "<group>";
		};
		698D0CDC2DA6920B0022DB81 /* Main.storyboard */ = {
			isa = PBXVariantGroup;
			children = (
				698D0CDB2DA6920B0022DB81 /* Base */,
			);
			name = Main.storyboard;
			sourceTree = "<group>";
		};
/* End PBXVariantGroup section */

/* Begin XCBuildConfiguration section */
		698D0CD22DA692000022DB81 /* Debug */ = {
			isa = XCBuildConfiguration;
			buildSettings = {
				ASSETCATALOG_COMPILER_APPICON_NAME = AppIcon;
				ASSETCATALOG_COMPILER_GLOBAL_ACCENT_COLOR_NAME = AccentColor;
				CODE_SIGN_STYLE = Automatic;
				CURRENT_PROJECT_VERSION = 1;
				GENERATE_INFOPLIST_FILE = YES;
				INFOPLIST_FILE = iOS_Exam/Utils/Info.plist;
				INFOPLIST_KEY_UIApplicationSupportsIndirectInputEvents = YES;
				INFOPLIST_KEY_UILaunchStoryboardName = LaunchScreen;
				INFOPLIST_KEY_UIMainStoryboardFile = Main;
				INFOPLIST_KEY_UISupportedInterfaceOrientations_iPad = "UIInterfaceOrientationPortrait UIInterfaceOrientationPortraitUpsideDown UIInterfaceOrientationLandscapeLeft UIInterfaceOrientationLandscapeRight";
				INFOPLIST_KEY_UISupportedInterfaceOrientations_iPhone = "UIInterfaceOrientationPortrait UIInterfaceOrientationLandscapeLeft UIInterfaceOrientationLandscapeRight";
				LD_RUNPATH_SEARCH_PATHS = (
					"$(inherited)",
					"@executable_path/Frameworks",
				);
				MARKETING_VERSION = 1.0;
				PRODUCT_BUNDLE_IDENTIFIER = "com.demo.iOS-Exam";
				PRODUCT_NAME = "$(TARGET_NAME)";
				SWIFT_EMIT_LOC_STRINGS = YES;
				SWIFT_VERSION = 5.0;
				TARGETED_DEVICE_FAMILY = "1,2";
			};
			name = Debug;
		};
		698D0CD32DA692000022DB81 /* Release */ = {
			isa = XCBuildConfiguration;
			buildSettings = {
				ASSETCATALOG_COMPILER_APPICON_NAME = AppIcon;
				ASSETCATALOG_COMPILER_GLOBAL_ACCENT_COLOR_NAME = AccentColor;
				CODE_SIGN_STYLE = Automatic;
				CURRENT_PROJECT_VERSION = 1;
				GENERATE_INFOPLIST_FILE = YES;
				INFOPLIST_FILE = iOS_Exam/Utils/Info.plist;
				INFOPLIST_KEY_UIApplicationSupportsIndirectInputEvents = YES;
				INFOPLIST_KEY_UILaunchStoryboardName = LaunchScreen;
				INFOPLIST_KEY_UIMainStoryboardFile = Main;
				INFOPLIST_KEY_UISupportedInterfaceOrientations_iPad = "UIInterfaceOrientationPortrait UIInterfaceOrientationPortraitUpsideDown UIInterfaceOrientationLandscapeLeft UIInterfaceOrientationLandscapeRight";
				INFOPLIST_KEY_UISupportedInterfaceOrientations_iPhone = "UIInterfaceOrientationPortrait UIInterfaceOrientationLandscapeLeft UIInterfaceOrientationLandscapeRight";
				LD_RUNPATH_SEARCH_PATHS = (
					"$(inherited)",
					"@executable_path/Frameworks",
				);
				MARKETING_VERSION = 1.0;
				PRODUCT_BUNDLE_IDENTIFIER = "com.demo.iOS-Exam";
				PRODUCT_NAME = "$(TARGET_NAME)";
				SWIFT_EMIT_LOC_STRINGS = YES;
				SWIFT_VERSION = 5.0;
				TARGETED_DEVICE_FAMILY = "1,2";
			};
			name = Release;
		};
		698D0CD42DA692000022DB81 /* Debug */ = {
			isa = XCBuildConfiguration;
			buildSettings = {
				ALWAYS_SEARCH_USER_PATHS = NO;
				ASSETCATALOG_COMPILER_GENERATE_SWIFT_ASSET_SYMBOL_EXTENSIONS = YES;
				CLANG_ANALYZER_NONNULL = YES;
				CLANG_ANALYZER_NUMBER_OBJECT_CONVERSION = YES_AGGRESSIVE;
				CLANG_CXX_LANGUAGE_STANDARD = "gnu++20";
				CLANG_ENABLE_MODULES = YES;
				CLANG_ENABLE_OBJC_ARC = YES;
				CLANG_ENABLE_OBJC_WEAK = YES;
				CLANG_WARN_BLOCK_CAPTURE_AUTORELEASING = YES;
				CLANG_WARN_BOOL_CONVERSION = YES;
				CLANG_WARN_COMMA = YES;
				CLANG_WARN_CONSTANT_CONVERSION = YES;
				CLANG_WARN_DEPRECATED_OBJC_IMPLEMENTATIONS = YES;
				CLANG_WARN_DIRECT_OBJC_ISA_USAGE = YES_ERROR;
				CLANG_WARN_DOCUMENTATION_COMMENTS = YES;
				CLANG_WARN_EMPTY_BODY = YES;
				CLANG_WARN_ENUM_CONVERSION = YES;
				CLANG_WARN_INFINITE_RECURSION = YES;
				CLANG_WARN_INT_CONVERSION = YES;
				CLANG_WARN_NON_LITERAL_NULL_CONVERSION = YES;
				CLANG_WARN_OBJC_IMPLICIT_RETAIN_SELF = YES;
				CLANG_WARN_OBJC_LITERAL_CONVERSION = YES;
				CLANG_WARN_OBJC_ROOT_CLASS = YES_ERROR;
				CLANG_WARN_QUOTED_INCLUDE_IN_FRAMEWORK_HEADER = YES;
				CLANG_WARN_RANGE_LOOP_ANALYSIS = YES;
				CLANG_WARN_STRICT_PROTOTYPES = YES;
				CLANG_WARN_SUSPICIOUS_MOVE = YES;
				CLANG_WARN_UNGUARDED_AVAILABILITY = YES_AGGRESSIVE;
				CLANG_WARN_UNREACHABLE_CODE = YES;
				CLANG_WARN__DUPLICATE_METHOD_MATCH = YES;
				COPY_PHASE_STRIP = NO;
				DEBUG_INFORMATION_FORMAT = dwarf;
				ENABLE_STRICT_OBJC_MSGSEND = YES;
				ENABLE_TESTABILITY = YES;
				ENABLE_USER_SCRIPT_SANDBOXING = YES;
				GCC_C_LANGUAGE_STANDARD = gnu17;
				GCC_DYNAMIC_NO_PIC = NO;
				GCC_NO_COMMON_BLOCKS = YES;
				GCC_OPTIMIZATION_LEVEL = 0;
				GCC_PREPROCESSOR_DEFINITIONS = (
					"DEBUG=1",
					"$(inherited)",
				);
				GCC_WARN_64_TO_32_BIT_CONVERSION = YES;
				GCC_WARN_ABOUT_RETURN_TYPE = YES_ERROR;
				GCC_WARN_UNDECLARED_SELECTOR = YES;
				GCC_WARN_UNINITIALIZED_AUTOS = YES_AGGRESSIVE;
				GCC_WARN_UNUSED_FUNCTION = YES;
				GCC_WARN_UNUSED_VARIABLE = YES;
				IPHONEOS_DEPLOYMENT_TARGET = 18.1;
				LOCALIZATION_PREFERS_STRING_CATALOGS = YES;
				MTL_ENABLE_DEBUG_INFO = INCLUDE_SOURCE;
				MTL_FAST_MATH = YES;
				ONLY_ACTIVE_ARCH = YES;
				SDKROOT = iphoneos;
				SWIFT_ACTIVE_COMPILATION_CONDITIONS = "DEBUG $(inherited)";
				SWIFT_OPTIMIZATION_LEVEL = "-Onone";
			};
			name = Debug;
		};
		698D0CD52DA692000022DB81 /* Release */ = {
			isa = XCBuildConfiguration;
			buildSettings = {
				ALWAYS_SEARCH_USER_PATHS = NO;
				ASSETCATALOG_COMPILER_GENERATE_SWIFT_ASSET_SYMBOL_EXTENSIONS = YES;
				CLANG_ANALYZER_NONNULL = YES;
				CLANG_ANALYZER_NUMBER_OBJECT_CONVERSION = YES_AGGRESSIVE;
				CLANG_CXX_LANGUAGE_STANDARD = "gnu++20";
				CLANG_ENABLE_MODULES = YES;
				CLANG_ENABLE_OBJC_ARC = YES;
				CLANG_ENABLE_OBJC_WEAK = YES;
				CLANG_WARN_BLOCK_CAPTURE_AUTORELEASING = YES;
				CLANG_WARN_BOOL_CONVERSION = YES;
				CLANG_WARN_COMMA = YES;
				CLANG_WARN_CONSTANT_CONVERSION = YES;
				CLANG_WARN_DEPRECATED_OBJC_IMPLEMENTATIONS = YES;
				CLANG_WARN_DIRECT_OBJC_ISA_USAGE = YES_ERROR;
				CLANG_WARN_DOCUMENTATION_COMMENTS = YES;
				CLANG_WARN_EMPTY_BODY = YES;
				CLANG_WARN_ENUM_CONVERSION = YES;
				CLANG_WARN_INFINITE_RECURSION = YES;
				CLANG_WARN_INT_CONVERSION = YES;
				CLANG_WARN_NON_LITERAL_NULL_CONVERSION = YES;
				CLANG_WARN_OBJC_IMPLICIT_RETAIN_SELF = YES;
				CLANG_WARN_OBJC_LITERAL_CONVERSION = YES;
				CLANG_WARN_OBJC_ROOT_CLASS = YES_ERROR;
				CLANG_WARN_QUOTED_INCLUDE_IN_FRAMEWORK_HEADER = YES;
				CLANG_WARN_RANGE_LOOP_ANALYSIS = YES;
				CLANG_WARN_STRICT_PROTOTYPES = YES;
				CLANG_WARN_SUSPICIOUS_MOVE = YES;
				CLANG_WARN_UNGUARDED_AVAILABILITY = YES_AGGRESSIVE;
				CLANG_WARN_UNREACHABLE_CODE = YES;
				CLANG_WARN__DUPLICATE_METHOD_MATCH = YES;
				COPY_PHASE_STRIP = NO;
				DEBUG_INFORMATION_FORMAT = "dwarf-with-dsym";
				ENABLE_NS_ASSERTIONS = NO;
				ENABLE_STRICT_OBJC_MSGSEND = YES;
				ENABLE_USER_SCRIPT_SANDBOXING = YES;
				GCC_C_LANGUAGE_STANDARD = gnu17;
				GCC_NO_COMMON_BLOCKS = YES;
				GCC_WARN_64_TO_32_BIT_CONVERSION = YES;
				GCC_WARN_ABOUT_RETURN_TYPE = YES_ERROR;
				GCC_WARN_UNDECLARED_SELECTOR = YES;
				GCC_WARN_UNINITIALIZED_AUTOS = YES_AGGRESSIVE;
				GCC_WARN_UNUSED_FUNCTION = YES;
				GCC_WARN_UNUSED_VARIABLE = YES;
				IPHONEOS_DEPLOYMENT_TARGET = 18.1;
				LOCALIZATION_PREFERS_STRING_CATALOGS = YES;
				MTL_ENABLE_DEBUG_INFO = NO;
				MTL_FAST_MATH = YES;
				SDKROOT = iphoneos;
				SWIFT_COMPILATION_MODE = wholemodule;
				VALIDATE_PRODUCT = YES;
			};
			name = Release;
		};
/* End XCBuildConfiguration section */

/* Begin XCConfigurationList section */
		698D0CB92DA691FE0022DB81 /* Build configuration list for PBXProject "iOS_Exam" */ = {
			isa = XCConfigurationList;
			buildConfigurations = (
				698D0CD42DA692000022DB81 /* Debug */,
				698D0CD52DA692000022DB81 /* Release */,
			);
			defaultConfigurationIsVisible = 0;
			defaultConfigurationName = Release;
		};
		698D0CD12DA692000022DB81 /* Build configuration list for PBXNativeTarget "iOS_Exam" */ = {
			isa = XCConfigurationList;
			buildConfigurations = (
				698D0CD22DA692000022DB81 /* Debug */,
				698D0CD32DA692000022DB81 /* Release */,
			);
			defaultConfigurationIsVisible = 0;
			defaultConfigurationName = Release;
		};
/* End XCConfigurationList section */
	};
	rootObject = 698D0CB62DA691FE0022DB81 /* Project object */;
}
